
Microsoft Visual Studio Solution File, Format Version 12.00
# Visual Studio Version 17
VisualStudioVersion = 17.0.31903.59
MinimumVisualStudioVersion = 10.0.40219.1
Project("{2150E333-8FDC-42A3-9474-1A3956D46DE8}") = "src", "src", "{827E0CD3-B72D-47B6-A68D-7590B98EB39B}"
EndProject
Project("{FAE04EC0-301F-11D3-BF4B-00C04F79EFBC}") = "BinanceBot.Core", "src\BinanceBot.Core\BinanceBot.Core.csproj", "{0BD08627-C840-476E-A154-F0BE3031541E}"
EndProject
Project("{FAE04EC0-301F-11D3-BF4B-00C04F79EFBC}") = "BinanceBot.Infrastructure", "src\BinanceBot.Infrastructure\BinanceBot.Infrastructure.csproj", "{AC920B83-935D-4CDB-A45A-A648081B7E81}"
EndProject
Project("{FAE04EC0-301F-11D3-BF4B-00C04F79EFBC}") = "BinanceBot.Strategies", "src\BinanceBot.Strategies\BinanceBot.Strategies.csproj", "{4AF00968-6968-461F-855F-C80C95AF5FAB}"
EndProject
Project("{FAE04EC0-301F-11D3-BF4B-00C04F79EFBC}") = "BinanceBot.Worker", "src\BinanceBot.Worker\BinanceBot.Worker.csproj", "{1E068D37-8A56-41CB-A55B-1481908D1698}"
EndProject
Project("{FAE04EC0-301F-11D3-BF4B-00C04F79EFBC}") = "BinanceBot.Core.Tests", "tests\BinanceBot.Core.Tests\BinanceBot.Core.Tests.csproj", "{94A61E7F-2D97-4ABC-9452-C5B42EA33668}"
EndProject
Project("{FAE04EC0-301F-11D3-BF4B-00C04F79EFBC}") = "BinanceBot.Strategies.Tests", "tests\BinanceBot.Strategies.Tests\BinanceBot.Strategies.Tests.csproj", "{BEC82276-AFC2-4F6E-8A3C-8FCAAF2EEEB1}"
EndProject
Project("{FAE04EC0-301F-11D3-BF4B-00C04F79EFBC}") = "BinanceBot.Infrastructure.Tests", "tests\BinanceBot.Infrastructure.Tests\BinanceBot.Infrastructure.Tests.csproj", "{B841A91F-0E34-4C56-9899-DA03A92AF16E}"
EndProject
Project("{FAE04EC0-301F-11D3-BF4B-00C04F79EFBC}") = "BinanceBot.Worker.Tests", "tests\BinanceBot.Worker.Tests\BinanceBot.Worker.Tests.csproj", "{317D7234-3284-4215-A67C-36FE39DA98E2}"
EndProject
Global
	GlobalSection(SolutionConfigurationPlatforms) = preSolution
		Debug|Any CPU = Debug|Any CPU
		Debug|x64 = Debug|x64
		Debug|x86 = Debug|x86
		Release|Any CPU = Release|Any CPU
		Release|x64 = Release|x64
		Release|x86 = Release|x86
	EndGlobalSection
	GlobalSection(ProjectConfigurationPlatforms) = postSolution
		{0BD08627-C840-476E-A154-F0BE3031541E}.Debug|Any CPU.ActiveCfg = Debug|Any CPU
		{0BD08627-C840-476E-A154-F0BE3031541E}.Debug|Any CPU.Build.0 = Debug|Any CPU
		{0BD08627-C840-476E-A154-F0BE3031541E}.Debug|x64.ActiveCfg = Debug|Any CPU
		{0BD08627-C840-476E-A154-F0BE3031541E}.Debug|x64.Build.0 = Debug|Any CPU
		{0BD08627-C840-476E-A154-F0BE3031541E}.Debug|x86.ActiveCfg = Debug|Any CPU
		{0BD08627-C840-476E-A154-F0BE3031541E}.Debug|x86.Build.0 = Debug|Any CPU
		{0BD08627-C840-476E-A154-F0BE3031541E}.Release|Any CPU.ActiveCfg = Release|Any CPU
		{0BD08627-C840-476E-A154-F0BE3031541E}.Release|Any CPU.Build.0 = Release|Any CPU
		{0BD08627-C840-476E-A154-F0BE3031541E}.Release|x64.ActiveCfg = Release|Any CPU
		{0BD08627-C840-476E-A154-F0BE3031541E}.Release|x64.Build.0 = Release|Any CPU
		{0BD08627-C840-476E-A154-F0BE3031541E}.Release|x86.ActiveCfg = Release|Any CPU
		{0BD08627-C840-476E-A154-F0BE3031541E}.Release|x86.Build.0 = Release|Any CPU
		{AC920B83-935D-4CDB-A45A-A648081B7E81}.Debug|Any CPU.ActiveCfg = Debug|Any CPU
		{AC920B83-935D-4CDB-A45A-A648081B7E81}.Debug|Any CPU.Build.0 = Debug|Any CPU
		{AC920B83-935D-4CDB-A45A-A648081B7E81}.Debug|x64.ActiveCfg = Debug|Any CPU
		{AC920B83-935D-4CDB-A45A-A648081B7E81}.Debug|x64.Build.0 = Debug|Any CPU
		{AC920B83-935D-4CDB-A45A-A648081B7E81}.Debug|x86.ActiveCfg = Debug|Any CPU
		{AC920B83-935D-4CDB-A45A-A648081B7E81}.Debug|x86.Build.0 = Debug|Any CPU
		{AC920B83-935D-4CDB-A45A-A648081B7E81}.Release|Any CPU.ActiveCfg = Release|Any CPU
		{AC920B83-935D-4CDB-A45A-A648081B7E81}.Release|Any CPU.Build.0 = Release|Any CPU
		{AC920B83-935D-4CDB-A45A-A648081B7E81}.Release|x64.ActiveCfg = Release|Any CPU
		{AC920B83-935D-4CDB-A45A-A648081B7E81}.Release|x64.Build.0 = Release|Any CPU
		{AC920B83-935D-4CDB-A45A-A648081B7E81}.Release|x86.ActiveCfg = Release|Any CPU
		{AC920B83-935D-4CDB-A45A-A648081B7E81}.Release|x86.Build.0 = Release|Any CPU
		{4AF00968-6968-461F-855F-C80C95AF5FAB}.Debug|Any CPU.ActiveCfg = Debug|Any CPU
		{4AF00968-6968-461F-855F-C80C95AF5FAB}.Debug|Any CPU.Build.0 = Debug|Any CPU
		{4AF00968-6968-461F-855F-C80C95AF5FAB}.Debug|x64.ActiveCfg = Debug|Any CPU
		{4AF00968-6968-461F-855F-C80C95AF5FAB}.Debug|x64.Build.0 = Debug|Any CPU
		{4AF00968-6968-461F-855F-C80C95AF5FAB}.Debug|x86.ActiveCfg = Debug|Any CPU
		{4AF00968-6968-461F-855F-C80C95AF5FAB}.Debug|x86.Build.0 = Debug|Any CPU
		{4AF00968-6968-461F-855F-C80C95AF5FAB}.Release|Any CPU.ActiveCfg = Release|Any CPU
		{4AF00968-6968-461F-855F-C80C95AF5FAB}.Release|Any CPU.Build.0 = Release|Any CPU
		{4AF00968-6968-461F-855F-C80C95AF5FAB}.Release|x64.ActiveCfg = Release|Any CPU
		{4AF00968-6968-461F-855F-C80C95AF5FAB}.Release|x64.Build.0 = Release|Any CPU
		{4AF00968-6968-461F-855F-C80C95AF5FAB}.Release|x86.ActiveCfg = Release|Any CPU
		{4AF00968-6968-461F-855F-C80C95AF5FAB}.Release|x86.Build.0 = Release|Any CPU
		{1E068D37-8A56-41CB-A55B-1481908D1698}.Debug|Any CPU.ActiveCfg = Debug|Any CPU
		{1E068D37-8A56-41CB-A55B-1481908D1698}.Debug|Any CPU.Build.0 = Debug|Any CPU
		{1E068D37-8A56-41CB-A55B-1481908D1698}.Debug|x64.ActiveCfg = Debug|Any CPU
		{1E068D37-8A56-41CB-A55B-1481908D1698}.Debug|x64.Build.0 = Debug|Any CPU
		{1E068D37-8A56-41CB-A55B-1481908D1698}.Debug|x86.ActiveCfg = Debug|Any CPU
		{1E068D37-8A56-41CB-A55B-1481908D1698}.Debug|x86.Build.0 = Debug|Any CPU
		{1E068D37-8A56-41CB-A55B-1481908D1698}.Release|Any CPU.ActiveCfg = Release|Any CPU
		{1E068D37-8A56-41CB-A55B-1481908D1698}.Release|Any CPU.Build.0 = Release|Any CPU
		{1E068D37-8A56-41CB-A55B-1481908D1698}.Release|x64.ActiveCfg = Release|Any CPU
		{1E068D37-8A56-41CB-A55B-1481908D1698}.Release|x64.Build.0 = Release|Any CPU
		{1E068D37-8A56-41CB-A55B-1481908D1698}.Release|x86.ActiveCfg = Release|Any CPU
		{1E068D37-8A56-41CB-A55B-1481908D1698}.Release|x86.Build.0 = Release|Any CPU
		{94A61E7F-2D97-4ABC-9452-C5B42EA33668}.Debug|Any CPU.ActiveCfg = Debug|Any CPU
		{94A61E7F-2D97-4ABC-9452-C5B42EA33668}.Debug|Any CPU.Build.0 = Debug|Any CPU
		{94A61E7F-2D97-4ABC-9452-C5B42EA33668}.Debug|x64.ActiveCfg = Debug|Any CPU
		{94A61E7F-2D97-4ABC-9452-C5B42EA33668}.Debug|x64.Build.0 = Debug|Any CPU
		{94A61E7F-2D97-4ABC-9452-C5B42EA33668}.Debug|x86.ActiveCfg = Debug|Any CPU
		{94A61E7F-2D97-4ABC-9452-C5B42EA33668}.Debug|x86.Build.0 = Debug|Any CPU
		{94A61E7F-2D97-4ABC-9452-C5B42EA33668}.Release|Any CPU.ActiveCfg = Release|Any CPU
		{94A61E7F-2D97-4ABC-9452-C5B42EA33668}.Release|Any CPU.Build.0 = Release|Any CPU
		{94A61E7F-2D97-4ABC-9452-C5B42EA33668}.Release|x64.ActiveCfg = Release|Any CPU
		{94A61E7F-2D97-4ABC-9452-C5B42EA33668}.Release|x64.Build.0 = Release|Any CPU
		{94A61E7F-2D97-4ABC-9452-C5B42EA33668}.Release|x86.ActiveCfg = Release|Any CPU
		{94A61E7F-2D97-4ABC-9452-C5B42EA33668}.Release|x86.Build.0 = Release|Any CPU
		{BEC82276-AFC2-4F6E-8A3C-8FCAAF2EEEB1}.Debug|Any CPU.ActiveCfg = Debug|Any CPU
		{BEC82276-AFC2-4F6E-8A3C-8FCAAF2EEEB1}.Debug|Any CPU.Build.0 = Debug|Any CPU
		{BEC82276-AFC2-4F6E-8A3C-8FCAAF2EEEB1}.Debug|x64.ActiveCfg = Debug|Any CPU
		{BEC82276-AFC2-4F6E-8A3C-8FCAAF2EEEB1}.Debug|x64.Build.0 = Debug|Any CPU
		{BEC82276-AFC2-4F6E-8A3C-8FCAAF2EEEB1}.Debug|x86.ActiveCfg = Debug|Any CPU
		{BEC82276-AFC2-4F6E-8A3C-8FCAAF2EEEB1}.Debug|x86.Build.0 = Debug|Any CPU
		{BEC82276-AFC2-4F6E-8A3C-8FCAAF2EEEB1}.Release|Any CPU.ActiveCfg = Release|Any CPU
		{BEC82276-AFC2-4F6E-8A3C-8FCAAF2EEEB1}.Release|Any CPU.Build.0 = Release|Any CPU
		{BEC82276-AFC2-4F6E-8A3C-8FCAAF2EEEB1}.Release|x64.ActiveCfg = Release|Any CPU
		{BEC82276-AFC2-4F6E-8A3C-8FCAAF2EEEB1}.Release|x64.Build.0 = Release|Any CPU
		{BEC82276-AFC2-4F6E-8A3C-8FCAAF2EEEB1}.Release|x86.ActiveCfg = Release|Any CPU
		{BEC82276-AFC2-4F6E-8A3C-8FCAAF2EEEB1}.Release|x86.Build.0 = Release|Any CPU
		{B841A91F-0E34-4C56-9899-DA03A92AF16E}.Debug|Any CPU.ActiveCfg = Debug|Any CPU
		{B841A91F-0E34-4C56-9899-DA03A92AF16E}.Debug|Any CPU.Build.0 = Debug|Any CPU
		{B841A91F-0E34-4C56-9899-DA03A92AF16E}.Debug|x64.ActiveCfg = Debug|Any CPU
		{B841A91F-0E34-4C56-9899-DA03A92AF16E}.Debug|x64.Build.0 = Debug|Any CPU
		{B841A91F-0E34-4C56-9899-DA03A92AF16E}.Debug|x86.ActiveCfg = Debug|Any CPU
		{B841A91F-0E34-4C56-9899-DA03A92AF16E}.Debug|x86.Build.0 = Debug|Any CPU
		{B841A91F-0E34-4C56-9899-DA03A92AF16E}.Release|Any CPU.ActiveCfg = Release|Any CPU
		{B841A91F-0E34-4C56-9899-DA03A92AF16E}.Release|Any CPU.Build.0 = Release|Any CPU
		{B841A91F-0E34-4C56-9899-DA03A92AF16E}.Release|x64.ActiveCfg = Release|Any CPU
		{B841A91F-0E34-4C56-9899-DA03A92AF16E}.Release|x64.Build.0 = Release|Any CPU
		{B841A91F-0E34-4C56-9899-DA03A92AF16E}.Release|x86.ActiveCfg = Release|Any CPU
		{B841A91F-0E34-4C56-9899-DA03A92AF16E}.Release|x86.Build.0 = Release|Any CPU
		{317D7234-3284-4215-A67C-36FE39DA98E2}.Debug|Any CPU.ActiveCfg = Debug|Any CPU
		{317D7234-3284-4215-A67C-36FE39DA98E2}.Debug|Any CPU.Build.0 = Debug|Any CPU
		{317D7234-3284-4215-A67C-36FE39DA98E2}.Debug|x64.ActiveCfg = Debug|Any CPU
		{317D7234-3284-4215-A67C-36FE39DA98E2}.Debug|x64.Build.0 = Debug|Any CPU
		{317D7234-3284-4215-A67C-36FE39DA98E2}.Debug|x86.ActiveCfg = Debug|Any CPU
		{317D7234-3284-4215-A67C-36FE39DA98E2}.Debug|x86.Build.0 = Debug|Any CPU
		{317D7234-3284-4215-A67C-36FE39DA98E2}.Release|Any CPU.ActiveCfg = Release|Any CPU
		{317D7234-3284-4215-A67C-36FE39DA98E2}.Release|Any CPU.Build.0 = Release|Any CPU
		{317D7234-3284-4215-A67C-36FE39DA98E2}.Release|x64.ActiveCfg = Release|Any CPU
		{317D7234-3284-4215-A67C-36FE39DA98E2}.Release|x64.Build.0 = Release|Any CPU
		{317D7234-3284-4215-A67C-36FE39DA98E2}.Release|x86.ActiveCfg = Release|Any CPU
		{317D7234-3284-4215-A67C-36FE39DA98E2}.Release|x86.Build.0 = Release|Any CPU
	EndGlobalSection
	GlobalSection(SolutionProperties) = preSolution
		HideSolutionNode = FALSE
	EndGlobalSection
	GlobalSection(NestedProjects) = preSolution
		{0BD08627-C840-476E-A154-F0BE3031541E} = {827E0CD3-B72D-47B6-A68D-7590B98EB39B}
		{AC920B83-935D-4CDB-A45A-A648081B7E81} = {827E0CD3-B72D-47B6-A68D-7590B98EB39B}
		{4AF00968-6968-461F-855F-C80C95AF5FAB} = {827E0CD3-B72D-47B6-A68D-7590B98EB39B}
		{1E068D37-8A56-41CB-A55B-1481908D1698} = {827E0CD3-B72D-47B6-A68D-7590B98EB39B}
		{94A61E7F-2D97-4ABC-9452-C5B42EA33668} = {827E0CD3-B72D-47B6-A68D-7590B98EB39B}
		{BEC82276-AFC2-4F6E-8A3C-8FCAAF2EEEB1} = {827E0CD3-B72D-47B6-A68D-7590B98EB39B}
		{B841A91F-0E34-4C56-9899-DA03A92AF16E} = {827E0CD3-B72D-47B6-A68D-7590B98EB39B}
		{317D7234-3284-4215-A67C-36FE39DA98E2} = {827E0CD3-B72D-47B6-A68D-7590B98EB39B}
	EndGlobalSection
EndGlobal
